<Solution>
  <Folder Name="/src/">
    <Project Path="src/Slate.Core/Slate.Core.csproj" />
  </Folder>
  <Folder Name="/tests/">
    <Project Path="tests/Slate.Core.Tests/Slate.Core.Tests.csproj" />
    <Project Path="tests/Slate.Tokens.Tests/Slate.Tokens.Tests.csproj" />
  </Folder>
  <Folder Name="/tools/">
    <Project Path="tools/Slate.Tokens.Cli/Slate.Tokens.Cli.csproj" />
    <Project Path="tools/Slate.Tokens/Slate.Tokens.csproj" />
  </Folder>
</Solution>
